
Microsoft Visual Studio Solution File, Format Version 12.00
# Visual Studio Version 17
VisualStudioVersion = 17.4.33213.308
MinimumVisualStudioVersion = 10.0.40219.1
Project("{8BC9CEB8-8B4A-11D0-8D11-00A0C91BC942}") = "untitled1", "..\..\untitled1\untitled1.vcxproj", "{8C513848-4CFB-3B91-9F92-7AEB60298599}"
EndProject
Global
	GlobalSection(SolutionConfigurationPlatforms) = preSolution
		Debug|x64 = Debug|x64
		Release|x64 = Release|x64
	EndGlobalSection
	GlobalSection(ProjectConfigurationPlatforms) = postSolution
		{8C513848-4CFB-3B91-9F92-7AEB60298599}.Debug|x64.ActiveCfg = Debug|x64
		{8C513848-4CFB-3B91-9F92-7AEB60298599}.Debug|x64.Build.0 = Debug|x64
		{8C513848-4CFB-3B91-9F92-7AEB60298599}.Release|x64.ActiveCfg = Release|x64
		{8C513848-4CFB-3B91-9F92-7AEB60298599}.Release|x64.Build.0 = Release|x64
	EndGlobalSection
	GlobalSection(SolutionProperties) = preSolution
		HideSolutionNode = FALSE
	EndGlobalSection
	GlobalSection(ExtensibilityGlobals) = postSolution
		SolutionGuid = {FE0E93C3-F102-416F-8819-D3F7F9ED0C74}
	EndGlobalSection
EndGlobal
